// !$*UTF8*$!
{
	archiveVersion = 1;
	classes = {
	};
	objectVersion = 56;
	objects = {

/* Begin PBXBuildFile section */
		9A32164629AB834A00617683 /* AppDelegate.swift in Sources */ = {isa = PBXBuildFile; fileRef = 9A32164529AB834A00617683 /* AppDelegate.swift */; };
		9A32164829AB834A00617683 /* SceneDelegate.swift in Sources */ = {isa = PBXBuildFile; fileRef = 9A32164729AB834A00617683 /* SceneDelegate.swift */; };
		9A32164A29AB834A00617683 /* ViewController.swift in Sources */ = {isa = PBXBuildFile; fileRef = 9A32164929AB834A00617683 /* ViewController.swift */; };
		9A32164D29AB834A00617683 /* Main.storyboard in Resources */ = {isa = PBXBuildFile; fileRef = 9A32164B29AB834A00617683 /* Main.storyboard */; };
		9A32164F29AB834F00617683 /* Assets.xcassets in Resources */ = {isa = PBXBuildFile; fileRef = 9A32164E29AB834F00617683 /* Assets.xcassets */; };
		9A32165229AB834F00617683 /* LaunchScreen.storyboard in Resources */ = {isa = PBXBuildFile; fileRef = 9A32165029AB834F00617683 /* LaunchScreen.storyboard */; };
		9A9AD7A229AB922300F53B9F /* ModulesFactory.swift in Sources */ = {isa = PBXBuildFile; fileRef = 9A9AD7A129AB922300F53B9F /* ModulesFactory.swift */; };
		9A9AD7A429ABA41A00F53B9F /* FieldValidator.swift in Sources */ = {isa = PBXBuildFile; fileRef = 9A9AD7A329ABA41A00F53B9F /* FieldValidator.swift */; };
		9A9AD7AC29ABAFB500F53B9F /* TestingTests.swift in Sources */ = {isa = PBXBuildFile; fileRef = 9A9AD7AB29ABAFB500F53B9F /* TestingTests.swift */; };
		9A9AD7B329ABE26300F53B9F /* ModulesFactoryTests.swift in Sources */ = {isa = PBXBuildFile; fileRef = 9A9AD7B229ABE26200F53B9F /* ModulesFactoryTests.swift */; };
		9A9AD7BB29ABE4A100F53B9F /* TestingUITests.swift in Sources */ = {isa = PBXBuildFile; fileRef = 9A9AD7BA29ABE4A100F53B9F /* TestingUITests.swift */; };
		9A9AD7BD29ABE4A100F53B9F /* TestingUITestsLaunchTests.swift in Sources */ = {isa = PBXBuildFile; fileRef = 9A9AD7BC29ABE4A100F53B9F /* TestingUITestsLaunchTests.swift */; };
/* End PBXBuildFile section */

/* Begin PBXContainerItemProxy section */
		9A9AD7AD29ABAFB500F53B9F /* PBXContainerItemProxy */ = {
			isa = PBXContainerItemProxy;
			containerPortal = 9A32163A29AB834A00617683 /* Project object */;
			proxyType = 1;
			remoteGlobalIDString = 9A32164129AB834A00617683;
			remoteInfo = Testing;
		};
		9A9AD7BE29ABE4A100F53B9F /* PBXContainerItemProxy */ = {
			isa = PBXContainerItemProxy;
			containerPortal = 9A32163A29AB834A00617683 /* Project object */;
			proxyType = 1;
			remoteGlobalIDString = 9A32164129AB834A00617683;
			remoteInfo = Testing;
		};
/* End PBXContainerItemProxy section */

/* Begin PBXFileReference section */
		9A32164229AB834A00617683 /* Testing.app */ = {isa = PBXFileReference; explicitFileType = wrapper.application; includeInIndex = 0; path = Testing.app; sourceTree = BUILT_PRODUCTS_DIR; };
		9A32164529AB834A00617683 /* AppDelegate.swift */ = {isa = PBXFileReference; lastKnownFileType = sourcecode.swift; path = AppDelegate.swift; sourceTree = "<group>"; };
		9A32164729AB834A00617683 /* SceneDelegate.swift */ = {isa = PBXFileReference; lastKnownFileType = sourcecode.swift; path = SceneDelegate.swift; sourceTree = "<group>"; };
		9A32164929AB834A00617683 /* ViewController.swift */ = {isa = PBXFileReference; lastKnownFileType = sourcecode.swift; path = ViewController.swift; sourceTree = "<group>"; };
		9A32164C29AB834A00617683 /* Base */ = {isa = PBXFileReference; lastKnownFileType = file.storyboard; name = Base; path = Base.lproj/Main.storyboard; sourceTree = "<group>"; };
		9A32164E29AB834F00617683 /* Assets.xcassets */ = {isa = PBXFileReference; lastKnownFileType = folder.assetcatalog; path = Assets.xcassets; sourceTree = "<group>"; };
		9A32165129AB834F00617683 /* Base */ = {isa = PBXFileReference; lastKnownFileType = file.storyboard; name = Base; path = Base.lproj/LaunchScreen.storyboard; sourceTree = "<group>"; };
		9A32165329AB834F00617683 /* Info.plist */ = {isa = PBXFileReference; lastKnownFileType = text.plist.xml; path = Info.plist; sourceTree = "<group>"; };
		9A9AD7A129AB922300F53B9F /* ModulesFactory.swift */ = {isa = PBXFileReference; lastKnownFileType = sourcecode.swift; path = ModulesFactory.swift; sourceTree = "<group>"; };
		9A9AD7A329ABA41A00F53B9F /* FieldValidator.swift */ = {isa = PBXFileReference; lastKnownFileType = sourcecode.swift; path = FieldValidator.swift; sourceTree = "<group>"; };
		9A9AD7A929ABAFB500F53B9F /* TestingTests.xctest */ = {isa = PBXFileReference; explicitFileType = wrapper.cfbundle; includeInIndex = 0; path = TestingTests.xctest; sourceTree = BUILT_PRODUCTS_DIR; };
		9A9AD7AB29ABAFB500F53B9F /* TestingTests.swift */ = {isa = PBXFileReference; lastKnownFileType = sourcecode.swift; path = TestingTests.swift; sourceTree = "<group>"; };
		9A9AD7B229ABE26200F53B9F /* ModulesFactoryTests.swift */ = {isa = PBXFileReference; lastKnownFileType = sourcecode.swift; path = ModulesFactoryTests.swift; sourceTree = "<group>"; };
		9A9AD7B829ABE4A100F53B9F /* TestingUITests.xctest */ = {isa = PBXFileReference; explicitFileType = wrapper.cfbundle; includeInIndex = 0; path = TestingUITests.xctest; sourceTree = BUILT_PRODUCTS_DIR; };
		9A9AD7BA29ABE4A100F53B9F /* TestingUITests.swift */ = {isa = PBXFileReference; lastKnownFileType = sourcecode.swift; path = TestingUITests.swift; sourceTree = "<group>"; };
		9A9AD7BC29ABE4A100F53B9F /* TestingUITestsLaunchTests.swift */ = {isa = PBXFileReference; lastKnownFileType = sourcecode.swift; path = TestingUITestsLaunchTests.swift; sourceTree = "<group>"; };
/* End PBXFileReference section */

/* Begin PBXFrameworksBuildPhase section */
		9A32163F29AB834A00617683 /* Frameworks */ = {
			isa = PBXFrameworksBuildPhase;
			buildActionMask = 2147483647;
			files = (
			);
			runOnlyForDeploymentPostprocessing = 0;
		};
		9A9AD7A629ABAFB500F53B9F /* Frameworks */ = {
			isa = PBXFrameworksBuildPhase;
			buildActionMask = 2147483647;
			files = (
			);
			runOnlyForDeploymentPostprocessing = 0;
		};
		9A9AD7B529ABE4A100F53B9F /* Frameworks */ = {
			isa = PBXFrameworksBuildPhase;
			buildActionMask = 2147483647;
			files = (
			);
			runOnlyForDeploymentPostprocessing = 0;
		};
/* End PBXFrameworksBuildPhase section */

/* Begin PBXGroup section */
		9A32163929AB834A00617683 = {
			isa = PBXGroup;
			children = (
				9A32164429AB834A00617683 /* Testing */,
				9A9AD7AA29ABAFB500F53B9F /* TestingTests */,
				9A9AD7B929ABE4A100F53B9F /* TestingUITests */,
				9A32164329AB834A00617683 /* Products */,
			);
			sourceTree = "<group>";
		};
		9A32164329AB834A00617683 /* Products */ = {
			isa = PBXGroup;
			children = (
				9A32164229AB834A00617683 /* Testing.app */,
				9A9AD7A929ABAFB500F53B9F /* TestingTests.xctest */,
				9A9AD7B829ABE4A100F53B9F /* TestingUITests.xctest */,
			);
			name = Products;
			sourceTree = "<group>";
		};
		9A32164429AB834A00617683 /* Testing */ = {
			isa = PBXGroup;
			children = (
				9A32164529AB834A00617683 /* AppDelegate.swift */,
				9A32164729AB834A00617683 /* SceneDelegate.swift */,
				9A32164929AB834A00617683 /* ViewController.swift */,
				9A32164B29AB834A00617683 /* Main.storyboard */,
				9A9AD7A329ABA41A00F53B9F /* FieldValidator.swift */,
				9A9AD7A129AB922300F53B9F /* ModulesFactory.swift */,
				9A32164E29AB834F00617683 /* Assets.xcassets */,
				9A32165029AB834F00617683 /* LaunchScreen.storyboard */,
				9A32165329AB834F00617683 /* Info.plist */,
			);
			path = Testing;
			sourceTree = "<group>";
		};
		9A9AD7AA29ABAFB500F53B9F /* TestingTests */ = {
			isa = PBXGroup;
			children = (
				9A9AD7AB29ABAFB500F53B9F /* TestingTests.swift */,
				9A9AD7B229ABE26200F53B9F /* ModulesFactoryTests.swift */,
			);
			path = TestingTests;
			sourceTree = "<group>";
		};
		9A9AD7B929ABE4A100F53B9F /* TestingUITests */ = {
			isa = PBXGroup;
			children = (
				9A9AD7BA29ABE4A100F53B9F /* TestingUITests.swift */,
				9A9AD7BC29ABE4A100F53B9F /* TestingUITestsLaunchTests.swift */,
			);
			path = TestingUITests;
			sourceTree = "<group>";
		};
/* End PBXGroup section */

/* Begin PBXNativeTarget section */
		9A32164129AB834A00617683 /* Testing */ = {
			isa = PBXNativeTarget;
			buildConfigurationList = 9A32165629AB834F00617683 /* Build configuration list for PBXNativeTarget "Testing" */;
			buildPhases = (
				9A32163E29AB834A00617683 /* Sources */,
				9A32163F29AB834A00617683 /* Frameworks */,
				9A32164029AB834A00617683 /* Resources */,
			);
			buildRules = (
			);
			dependencies = (
			);
			name = Testing;
			productName = Testing;
			productReference = 9A32164229AB834A00617683 /* Testing.app */;
			productType = "com.apple.product-type.application";
		};
		9A9AD7A829ABAFB500F53B9F /* TestingTests */ = {
			isa = PBXNativeTarget;
			buildConfigurationList = 9A9AD7AF29ABAFB500F53B9F /* Build configuration list for PBXNativeTarget "TestingTests" */;
			buildPhases = (
				9A9AD7A529ABAFB500F53B9F /* Sources */,
				9A9AD7A629ABAFB500F53B9F /* Frameworks */,
				9A9AD7A729ABAFB500F53B9F /* Resources */,
			);
			buildRules = (
			);
			dependencies = (
				9A9AD7AE29ABAFB500F53B9F /* PBXTargetDependency */,
			);
			name = TestingTests;
			productName = TestingTests;
			productReference = 9A9AD7A929ABAFB500F53B9F /* TestingTests.xctest */;
			productType = "com.apple.product-type.bundle.unit-test";
		};
		9A9AD7B729ABE4A100F53B9F /* TestingUITests */ = {
			isa = PBXNativeTarget;
			buildConfigurationList = 9A9AD7C029ABE4A100F53B9F /* Build configuration list for PBXNativeTarget "TestingUITests" */;
			buildPhases = (
				9A9AD7B429ABE4A100F53B9F /* Sources */,
				9A9AD7B529ABE4A100F53B9F /* Frameworks */,
				9A9AD7B629ABE4A100F53B9F /* Resources */,
			);
			buildRules = (
			);
			dependencies = (
				9A9AD7BF29ABE4A100F53B9F /* PBXTargetDependency */,
			);
			name = TestingUITests;
			productName = TestingUITests;
			productReference = 9A9AD7B829ABE4A100F53B9F /* TestingUITests.xctest */;
			productType = "com.apple.product-type.bundle.ui-testing";
		};
/* End PBXNativeTarget section */

/* Begin PBXProject section */
		9A32163A29AB834A00617683 /* Project object */ = {
			isa = PBXProject;
			attributes = {
				BuildIndependentTargetsInParallel = 1;
				LastSwiftUpdateCheck = 1420;
				LastUpgradeCheck = 1420;
				TargetAttributes = {
					9A32164129AB834A00617683 = {
						CreatedOnToolsVersion = 14.2;
					};
					9A9AD7A829ABAFB500F53B9F = {
						CreatedOnToolsVersion = 14.2;
						TestTargetID = 9A32164129AB834A00617683;
					};
					9A9AD7B729ABE4A100F53B9F = {
						CreatedOnToolsVersion = 14.2;
						TestTargetID = 9A32164129AB834A00617683;
					};
				};
			};
			buildConfigurationList = 9A32163D29AB834A00617683 /* Build configuration list for PBXProject "Testing" */;
			compatibilityVersion = "Xcode 14.0";
			developmentRegion = en;
			hasScannedForEncodings = 0;
			knownRegions = (
				en,
				Base,
			);
			mainGroup = 9A32163929AB834A00617683;
			productRefGroup = 9A32164329AB834A00617683 /* Products */;
			projectDirPath = "";
			projectRoot = "";
			targets = (
				9A32164129AB834A00617683 /* Testing */,
				9A9AD7A829ABAFB500F53B9F /* TestingTests */,
				9A9AD7B729ABE4A100F53B9F /* TestingUITests */,
			);
		};
/* End PBXProject section */

/* Begin PBXResourcesBuildPhase section */
		9A32164029AB834A00617683 /* Resources */ = {
			isa = PBXResourcesBuildPhase;
			buildActionMask = 2147483647;
			files = (
				9A32165229AB834F00617683 /* LaunchScreen.storyboard in Resources */,
				9A32164F29AB834F00617683 /* Assets.xcassets in Resources */,
				9A32164D29AB834A00617683 /* Main.storyboard in Resources */,
			);
			runOnlyForDeploymentPostprocessing = 0;
		};
		9A9AD7A729ABAFB500F53B9F /* Resources */ = {
			isa = PBXResourcesBuildPhase;
			buildActionMask = 2147483647;
			files = (
			);
			runOnlyForDeploymentPostprocessing = 0;
		};
		9A9AD7B629ABE4A100F53B9F /* Resources */ = {
			isa = PBXResourcesBuildPhase;
			buildActionMask = 2147483647;
			files = (
			);
			runOnlyForDeploymentPostprocessing = 0;
		};
/* End PBXResourcesBuildPhase section */

/* Begin PBXSourcesBuildPhase section */
		9A32163E29AB834A00617683 /* Sources */ = {
			isa = PBXSourcesBuildPhase;
			buildActionMask = 2147483647;
			files = (
				9A32164A29AB834A00617683 /* ViewController.swift in Sources */,
				9A32164629AB834A00617683 /* AppDelegate.swift in Sources */,
				9A9AD7A429ABA41A00F53B9F /* FieldValidator.swift in Sources */,
				9A32164829AB834A00617683 /* SceneDelegate.swift in Sources */,
				9A9AD7A229AB922300F53B9F /* ModulesFactory.swift in Sources */,
			);
			runOnlyForDeploymentPostprocessing = 0;
		};
		9A9AD7A529ABAFB500F53B9F /* Sources */ = {
			isa = PBXSourcesBuildPhase;
			buildActionMask = 2147483647;
			files = (
				9A9AD7B329ABE26300F53B9F /* ModulesFactoryTests.swift in Sources */,
				9A9AD7AC29ABAFB500F53B9F /* TestingTests.swift in Sources */,
			);
			runOnlyForDeploymentPostprocessing = 0;
		};
		9A9AD7B429ABE4A100F53B9F /* Sources */ = {
			isa = PBXSourcesBuildPhase;
			buildActionMask = 2147483647;
			files = (
				9A9AD7BB29ABE4A100F53B9F /* TestingUITests.swift in Sources */,
				9A9AD7BD29ABE4A100F53B9F /* TestingUITestsLaunchTests.swift in Sources */,
			);
			runOnlyForDeploymentPostprocessing = 0;
		};
/* End PBXSourcesBuildPhase section */

/* Begin PBXTargetDependency section */
		9A9AD7AE29ABAFB500F53B9F /* PBXTargetDependency */ = {
			isa = PBXTargetDependency;
			target = 9A32164129AB834A00617683 /* Testing */;
			targetProxy = 9A9AD7AD29ABAFB500F53B9F /* PBXContainerItemProxy */;
		};
		9A9AD7BF29ABE4A100F53B9F /* PBXTargetDependency */ = {
			isa = PBXTargetDependency;
			target = 9A32164129AB834A00617683 /* Testing */;
			targetProxy = 9A9AD7BE29ABE4A100F53B9F /* PBXContainerItemProxy */;
		};
/* End PBXTargetDependency section */

/* Begin PBXVariantGroup section */
		9A32164B29AB834A00617683 /* Main.storyboard */ = {
			isa = PBXVariantGroup;
			children = (
				9A32164C29AB834A00617683 /* Base */,
			);
			name = Main.storyboard;
			sourceTree = "<group>";
		};
		9A32165029AB834F00617683 /* LaunchScreen.storyboard */ = {
			isa = PBXVariantGroup;
			children = (
				9A32165129AB834F00617683 /* Base */,
			);
			name = LaunchScreen.storyboard;
			sourceTree = "<group>";
		};
/* End PBXVariantGroup section */

/* Begin XCBuildConfiguration section */
		9A32165429AB834F00617683 /* Debug */ = {
			isa = XCBuildConfiguration;
			buildSettings = {
				ALWAYS_SEARCH_USER_PATHS = NO;
				CLANG_ANALYZER_NONNULL = YES;
				CLANG_ANALYZER_NUMBER_OBJECT_CONVERSION = YES_AGGRESSIVE;
				CLANG_CXX_LANGUAGE_STANDARD = "gnu++20";
				CLANG_ENABLE_MODULES = YES;
				CLANG_ENABLE_OBJC_ARC = YES;
				CLANG_ENABLE_OBJC_WEAK = YES;
				CLANG_WARN_BLOCK_CAPTURE_AUTORELEASING = YES;
				CLANG_WARN_BOOL_CONVERSION = YES;
				CLANG_WARN_COMMA = YES;
				CLANG_WARN_CONSTANT_CONVERSION = YES;
				CLANG_WARN_DEPRECATED_OBJC_IMPLEMENTATIONS = YES;
				CLANG_WARN_DIRECT_OBJC_ISA_USAGE = YES_ERROR;
				CLANG_WARN_DOCUMENTATION_COMMENTS = YES;
				CLANG_WARN_EMPTY_BODY = YES;
				CLANG_WARN_ENUM_CONVERSION = YES;
				CLANG_WARN_INFINITE_RECURSION = YES;
				CLANG_WARN_INT_CONVERSION = YES;
				CLANG_WARN_NON_LITERAL_NULL_CONVERSION = YES;
				CLANG_WARN_OBJC_IMPLICIT_RETAIN_SELF = YES;
				CLANG_WARN_OBJC_LITERAL_CONVERSION = YES;
				CLANG_WARN_OBJC_ROOT_CLASS = YES_ERROR;
				CLANG_WARN_QUOTED_INCLUDE_IN_FRAMEWORK_HEADER = YES;
				CLANG_WARN_RANGE_LOOP_ANALYSIS = YES;
				CLANG_WARN_STRICT_PROTOTYPES = YES;
				CLANG_WARN_SUSPICIOUS_MOVE = YES;
				CLANG_WARN_UNGUARDED_AVAILABILITY = YES_AGGRESSIVE;
				CLANG_WARN_UNREACHABLE_CODE = YES;
				CLANG_WARN__DUPLICATE_METHOD_MATCH = YES;
				COPY_PHASE_STRIP = NO;
				DEBUG_INFORMATION_FORMAT = dwarf;
				ENABLE_STRICT_OBJC_MSGSEND = YES;
				ENABLE_TESTABILITY = YES;
				GCC_C_LANGUAGE_STANDARD = gnu11;
				GCC_DYNAMIC_NO_PIC = NO;
				GCC_NO_COMMON_BLOCKS = YES;
				GCC_OPTIMIZATION_LEVEL = 0;
				GCC_PREPROCESSOR_DEFINITIONS = (
					"DEBUG=1",
					"$(inherited)",
				);
				GCC_WARN_64_TO_32_BIT_CONVERSION = YES;
				GCC_WARN_ABOUT_RETURN_TYPE = YES_ERROR;
				GCC_WARN_UNDECLARED_SELECTOR = YES;
				GCC_WARN_UNINITIALIZED_AUTOS = YES_AGGRESSIVE;
				GCC_WARN_UNUSED_FUNCTION = YES;
				GCC_WARN_UNUSED_VARIABLE = YES;
				IPHONEOS_DEPLOYMENT_TARGET = 16.2;
				MTL_ENABLE_DEBUG_INFO = INCLUDE_SOURCE;
				MTL_FAST_MATH = YES;
				ONLY_ACTIVE_ARCH = YES;
				SDKROOT = iphoneos;
				SWIFT_ACTIVE_COMPILATION_CONDITIONS = DEBUG;
				SWIFT_OPTIMIZATION_LEVEL = "-Onone";
			};
			name = Debug;
		};
		9A32165529AB834F00617683 /* Release */ = {
			isa = XCBuildConfiguration;
			buildSettings = {
				ALWAYS_SEARCH_USER_PATHS = NO;
				CLANG_ANALYZER_NONNULL = YES;
				CLANG_ANALYZER_NUMBER_OBJECT_CONVERSION = YES_AGGRESSIVE;
				CLANG_CXX_LANGUAGE_STANDARD = "gnu++20";
				CLANG_ENABLE_MODULES = YES;
				CLANG_ENABLE_OBJC_ARC = YES;
				CLANG_ENABLE_OBJC_WEAK = YES;
				CLANG_WARN_BLOCK_CAPTURE_AUTORELEASING = YES;
				CLANG_WARN_BOOL_CONVERSION = YES;
				CLANG_WARN_COMMA = YES;
				CLANG_WARN_CONSTANT_CONVERSION = YES;
				CLANG_WARN_DEPRECATED_OBJC_IMPLEMENTATIONS = YES;
				CLANG_WARN_DIRECT_OBJC_ISA_USAGE = YES_ERROR;
				CLANG_WARN_DOCUMENTATION_COMMENTS = YES;
				CLANG_WARN_EMPTY_BODY = YES;
				CLANG_WARN_ENUM_CONVERSION = YES;
				CLANG_WARN_INFINITE_RECURSION = YES;
				CLANG_WARN_INT_CONVERSION = YES;
				CLANG_WARN_NON_LITERAL_NULL_CONVERSION = YES;
				CLANG_WARN_OBJC_IMPLICIT_RETAIN_SELF = YES;
				CLANG_WARN_OBJC_LITERAL_CONVERSION = YES;
				CLANG_WARN_OBJC_ROOT_CLASS = YES_ERROR;
				CLANG_WARN_QUOTED_INCLUDE_IN_FRAMEWORK_HEADER = YES;
				CLANG_WARN_RANGE_LOOP_ANALYSIS = YES;
				CLANG_WARN_STRICT_PROTOTYPES = YES;
				CLANG_WARN_SUSPICIOUS_MOVE = YES;
				CLANG_WARN_UNGUARDED_AVAILABILITY = YES_AGGRESSIVE;
				CLANG_WARN_UNREACHABLE_CODE = YES;
				CLANG_WARN__DUPLICATE_METHOD_MATCH = YES;
				COPY_PHASE_STRIP = NO;
				DEBUG_INFORMATION_FORMAT = "dwarf-with-dsym";
				ENABLE_NS_ASSERTIONS = NO;
				ENABLE_STRICT_OBJC_MSGSEND = YES;
				GCC_C_LANGUAGE_STANDARD = gnu11;
				GCC_NO_COMMON_BLOCKS = YES;
				GCC_WARN_64_TO_32_BIT_CONVERSION = YES;
				GCC_WARN_ABOUT_RETURN_TYPE = YES_ERROR;
				GCC_WARN_UNDECLARED_SELECTOR = YES;
				GCC_WARN_UNINITIALIZED_AUTOS = YES_AGGRESSIVE;
				GCC_WARN_UNUSED_FUNCTION = YES;
				GCC_WARN_UNUSED_VARIABLE = YES;
				IPHONEOS_DEPLOYMENT_TARGET = 16.2;
				MTL_ENABLE_DEBUG_INFO = NO;
				MTL_FAST_MATH = YES;
				SDKROOT = iphoneos;
				SWIFT_COMPILATION_MODE = wholemodule;
				SWIFT_OPTIMIZATION_LEVEL = "-O";
				VALIDATE_PRODUCT = YES;
			};
			name = Release;
		};
		9A32165729AB834F00617683 /* Debug */ = {
			isa = XCBuildConfiguration;
			buildSettings = {
				ASSETCATALOG_COMPILER_APPICON_NAME = AppIcon;
				ASSETCATALOG_COMPILER_GLOBAL_ACCENT_COLOR_NAME = AccentColor;
				CODE_SIGN_STYLE = Automatic;
				CURRENT_PROJECT_VERSION = 1;
				DEVELOPMENT_TEAM = 8F895HZ77T;
				GENERATE_INFOPLIST_FILE = YES;
				INFOPLIST_FILE = Testing/Info.plist;
				INFOPLIST_KEY_UIApplicationSupportsIndirectInputEvents = YES;
				INFOPLIST_KEY_UILaunchStoryboardName = LaunchScreen;
				INFOPLIST_KEY_UIMainStoryboardFile = Main;
				INFOPLIST_KEY_UISupportedInterfaceOrientations_iPad = "UIInterfaceOrientationPortrait UIInterfaceOrientationPortraitUpsideDown UIInterfaceOrientationLandscapeLeft UIInterfaceOrientationLandscapeRight";
				INFOPLIST_KEY_UISupportedInterfaceOrientations_iPhone = "UIInterfaceOrientationPortrait UIInterfaceOrientationLandscapeLeft UIInterfaceOrientationLandscapeRight";
				LD_RUNPATH_SEARCH_PATHS = (
					"$(inherited)",
					"@executable_path/Frameworks",
				);
				MARKETING_VERSION = 1.0;
				PRODUCT_BUNDLE_IDENTIFIER = co.polinasmirnova.Testing;
				PRODUCT_NAME = "$(TARGET_NAME)";
				SWIFT_EMIT_LOC_STRINGS = YES;
				SWIFT_VERSION = 5.0;
				TARGETED_DEVICE_FAMILY = "1,2";
			};
			name = Debug;
		};
		9A32165829AB834F00617683 /* Release */ = {
			isa = XCBuildConfiguration;
			buildSettings = {
				ASSETCATALOG_COMPILER_APPICON_NAME = AppIcon;
				ASSETCATALOG_COMPILER_GLOBAL_ACCENT_COLOR_NAME = AccentColor;
				CODE_SIGN_STYLE = Automatic;
				CURRENT_PROJECT_VERSION = 1;
				DEVELOPMENT_TEAM = 8F895HZ77T;
				GENERATE_INFOPLIST_FILE = YES;
				INFOPLIST_FILE = Testing/Info.plist;
				INFOPLIST_KEY_UIApplicationSupportsIndirectInputEvents = YES;
				INFOPLIST_KEY_UILaunchStoryboardName = LaunchScreen;
				INFOPLIST_KEY_UIMainStoryboardFile = Main;
				INFOPLIST_KEY_UISupportedInterfaceOrientations_iPad = "UIInterfaceOrientationPortrait UIInterfaceOrientationPortraitUpsideDown UIInterfaceOrientationLandscapeLeft UIInterfaceOrientationLandscapeRight";
				INFOPLIST_KEY_UISupportedInterfaceOrientations_iPhone = "UIInterfaceOrientationPortrait UIInterfaceOrientationLandscapeLeft UIInterfaceOrientationLandscapeRight";
				LD_RUNPATH_SEARCH_PATHS = (
					"$(inherited)",
					"@executable_path/Frameworks",
				);
				MARKETING_VERSION = 1.0;
				PRODUCT_BUNDLE_IDENTIFIER = co.polinasmirnova.Testing;
				PRODUCT_NAME = "$(TARGET_NAME)";
				SWIFT_EMIT_LOC_STRINGS = YES;
				SWIFT_VERSION = 5.0;
				TARGETED_DEVICE_FAMILY = "1,2";
			};
			name = Release;
		};
		9A9AD7B029ABAFB500F53B9F /* Debug */ = {
			isa = XCBuildConfiguration;
			buildSettings = {
				BUNDLE_LOADER = "$(TEST_HOST)";
				CODE_SIGN_STYLE = Automatic;
				CURRENT_PROJECT_VERSION = 1;
				DEVELOPMENT_TEAM = 8F895HZ77T;
				GENERATE_INFOPLIST_FILE = YES;
				MARKETING_VERSION = 1.0;
				PRODUCT_BUNDLE_IDENTIFIER = co.polinasmirnova.TestingTests;
				PRODUCT_NAME = "$(TARGET_NAME)";
				SWIFT_EMIT_LOC_STRINGS = NO;
				SWIFT_VERSION = 5.0;
				TARGETED_DEVICE_FAMILY = "1,2";
				TEST_HOST = "$(BUILT_PRODUCTS_DIR)/Testing.app/$(BUNDLE_EXECUTABLE_FOLDER_PATH)/Testing";
			};
			name = Debug;
		};
		9A9AD7B129ABAFB500F53B9F /* Release */ = {
			isa = XCBuildConfiguration;
			buildSettings = {
				BUNDLE_LOADER = "$(TEST_HOST)";
				CODE_SIGN_STYLE = Automatic;
				CURRENT_PROJECT_VERSION = 1;
				DEVELOPMENT_TEAM = 8F895HZ77T;
				GENERATE_INFOPLIST_FILE = YES;
				MARKETING_VERSION = 1.0;
				PRODUCT_BUNDLE_IDENTIFIER = co.polinasmirnova.TestingTests;
				PRODUCT_NAME = "$(TARGET_NAME)";
				SWIFT_EMIT_LOC_STRINGS = NO;
				SWIFT_VERSION = 5.0;
				TARGETED_DEVICE_FAMILY = "1,2";
				TEST_HOST = "$(BUILT_PRODUCTS_DIR)/Testing.app/$(BUNDLE_EXECUTABLE_FOLDER_PATH)/Testing";
			};
			name = Release;
		};
		9A9AD7C129ABE4A100F53B9F /* Debug */ = {
			isa = XCBuildConfiguration;
			buildSettings = {
				CODE_SIGN_STYLE = Automatic;
				CURRENT_PROJECT_VERSION = 1;
				DEVELOPMENT_TEAM = 8F895HZ77T;
				GENERATE_INFOPLIST_FILE = YES;
				MARKETING_VERSION = 1.0;
				PRODUCT_BUNDLE_IDENTIFIER = co.polinasmirnova.TestingUITests;
				PRODUCT_NAME = "$(TARGET_NAME)";
				SWIFT_EMIT_LOC_STRINGS = NO;
				SWIFT_VERSION = 5.0;
				TARGETED_DEVICE_FAMILY = "1,2";
				TEST_TARGET_NAME = Testing;
			};
			name = Debug;
		};
		9A9AD7C229ABE4A100F53B9F /* Release */ = {
			isa = XCBuildConfiguration;
			buildSettings = {
				CODE_SIGN_STYLE = Automatic;
				CURRENT_PROJECT_VERSION = 1;
				DEVELOPMENT_TEAM = 8F895HZ77T;
				GENERATE_INFOPLIST_FILE = YES;
				MARKETING_VERSION = 1.0;
				PRODUCT_BUNDLE_IDENTIFIER = co.polinasmirnova.TestingUITests;
				PRODUCT_NAME = "$(TARGET_NAME)";
				SWIFT_EMIT_LOC_STRINGS = NO;
				SWIFT_VERSION = 5.0;
				TARGETED_DEVICE_FAMILY = "1,2";
				TEST_TARGET_NAME = Testing;
			};
			name = Release;
		};
/* End XCBuildConfiguration section */

/* Begin XCConfigurationList section */
		9A32163D29AB834A00617683 /* Build configuration list for PBXProject "Testing" */ = {
			isa = XCConfigurationList;
			buildConfigurations = (
				9A32165429AB834F00617683 /* Debug */,
				9A32165529AB834F00617683 /* Release */,
			);
			defaultConfigurationIsVisible = 0;
			defaultConfigurationName = Release;
		};
		9A32165629AB834F00617683 /* Build configuration list for PBXNativeTarget "Testing" */ = {
			isa = XCConfigurationList;
			buildConfigurations = (
				9A32165729AB834F00617683 /* Debug */,
				9A32165829AB834F00617683 /* Release */,
			);
			defaultConfigurationIsVisible = 0;
			defaultConfigurationName = Release;
		};
		9A9AD7AF29ABAFB500F53B9F /* Build configuration list for PBXNativeTarget "TestingTests" */ = {
			isa = XCConfigurationList;
			buildConfigurations = (
				9A9AD7B029ABAFB500F53B9F /* Debug */,
				9A9AD7B129ABAFB500F53B9F /* Release */,
			);
			defaultConfigurationIsVisible = 0;
			defaultConfigurationName = Release;
		};
		9A9AD7C029ABE4A100F53B9F /* Build configuration list for PBXNativeTarget "TestingUITests" */ = {
			isa = XCConfigurationList;
			buildConfigurations = (
				9A9AD7C129ABE4A100F53B9F /* Debug */,
				9A9AD7C229ABE4A100F53B9F /* Release */,
			);
			defaultConfigurationIsVisible = 0;
			defaultConfigurationName = Release;
		};
/* End XCConfigurationList section */
	};
	rootObject = 9A32163A29AB834A00617683 /* Project object */;
}
